// !$*UTF8*$!
{
	archiveVersion = 1;
	classes = {
	};
	objectVersion = 46;
	objects = {

/* Begin PBXBuildFile section */
		5FB6656C20843A8C00C38610 /* AppDelegate.swift in Sources */ = {isa = PBXBuildFile; fileRef = 5FB6656B20843A8C00C38610 /* AppDelegate.swift */; };
		5FB6656E20843A8C00C38610 /* ViewController.swift in Sources */ = {isa = PBXBuildFile; fileRef = 5FB6656D20843A8C00C38610 /* ViewController.swift */; };
		5FB6657120843A8C00C38610 /* Main.storyboard in Resources */ = {isa = PBXBuildFile; fileRef = 5FB6656F20843A8C00C38610 /* Main.storyboard */; };
		5FB6657320843A8C00C38610 /* Assets.xcassets in Resources */ = {isa = PBXBuildFile; fileRef = 5FB6657220843A8C00C38610 /* Assets.xcassets */; };
		5FB6657620843A8C00C38610 /* LaunchScreen.storyboard in Resources */ = {isa = PBXBuildFile; fileRef = 5FB6657420843A8C00C38610 /* LaunchScreen.storyboard */; };
		5FB6658120843A8C00C38610 /* FoodTrackerTests.swift in Sources */ = {isa = PBXBuildFile; fileRef = 5FB6658020843A8C00C38610 /* FoodTrackerTests.swift */; };
/* End PBXBuildFile section */

/* Begin PBXContainerItemProxy section */
		5FB6657D20843A8C00C38610 /* PBXContainerItemProxy */ = {
			isa = PBXContainerItemProxy;
			containerPortal = 5FB6656020843A8C00C38610 /* Project object */;
			proxyType = 1;
			remoteGlobalIDString = 5FB6656720843A8C00C38610;
			remoteInfo = FoodTracker;
		};
/* End PBXContainerItemProxy section */

/* Begin PBXFileReference section */
		5FB6656820843A8C00C38610 /* FoodTracker.app */ = {isa = PBXFileReference; explicitFileType = wrapper.application; includeInIndex = 0; path = FoodTracker.app; sourceTree = BUILT_PRODUCTS_DIR; };
		5FB6656B20843A8C00C38610 /* AppDelegate.swift */ = {isa = PBXFileReference; lastKnownFileType = sourcecode.swift; path = AppDelegate.swift; sourceTree = "<group>"; };
		5FB6656D20843A8C00C38610 /* ViewController.swift */ = {isa = PBXFileReference; lastKnownFileType = sourcecode.swift; path = ViewController.swift; sourceTree = "<group>"; };
		5FB6657020843A8C00C38610 /* Base */ = {isa = PBXFileReference; lastKnownFileType = file.storyboard; name = Base; path = Base.lproj/Main.storyboard; sourceTree = "<group>"; };
		5FB6657220843A8C00C38610 /* Assets.xcassets */ = {isa = PBXFileReference; lastKnownFileType = folder.assetcatalog; path = Assets.xcassets; sourceTree = "<group>"; };
		5FB6657520843A8C00C38610 /* Base */ = {isa = PBXFileReference; lastKnownFileType = file.storyboard; name = Base; path = Base.lproj/LaunchScreen.storyboard; sourceTree = "<group>"; };
		5FB6657720843A8C00C38610 /* Info.plist */ = {isa = PBXFileReference; lastKnownFileType = text.plist.xml; path = Info.plist; sourceTree = "<group>"; };
		5FB6657C20843A8C00C38610 /* FoodTrackerTests.xctest */ = {isa = PBXFileReference; explicitFileType = wrapper.cfbundle; includeInIndex = 0; path = FoodTrackerTests.xctest; sourceTree = BUILT_PRODUCTS_DIR; };
		5FB6658020843A8C00C38610 /* FoodTrackerTests.swift */ = {isa = PBXFileReference; lastKnownFileType = sourcecode.swift; path = FoodTrackerTests.swift; sourceTree = "<group>"; };
		5FB6658220843A8C00C38610 /* Info.plist */ = {isa = PBXFileReference; lastKnownFileType = text.plist.xml; path = Info.plist; sourceTree = "<group>"; };
		5FB6658C20843F8E00C38610 /* en */ = {isa = PBXFileReference; lastKnownFileType = text.plist.strings; name = en; path = en.lproj/Main.strings; sourceTree = "<group>"; };
/* End PBXFileReference section */

/* Begin PBXFrameworksBuildPhase section */
		5FB6656520843A8C00C38610 /* Frameworks */ = {
			isa = PBXFrameworksBuildPhase;
			buildActionMask = 2147483647;
			files = (
			);
			runOnlyForDeploymentPostprocessing = 0;
		};
		5FB6657920843A8C00C38610 /* Frameworks */ = {
			isa = PBXFrameworksBuildPhase;
			buildActionMask = 2147483647;
			files = (
			);
			runOnlyForDeploymentPostprocessing = 0;
		};
/* End PBXFrameworksBuildPhase section */

/* Begin PBXGroup section */
		5FB6655F20843A8C00C38610 = {
			isa = PBXGroup;
			children = (
				5FB6656A20843A8C00C38610 /* FoodTracker */,
				5FB6657F20843A8C00C38610 /* FoodTrackerTests */,
				5FB6656920843A8C00C38610 /* Products */,
			);
			sourceTree = "<group>";
		};
		5FB6656920843A8C00C38610 /* Products */ = {
			isa = PBXGroup;
			children = (
				5FB6656820843A8C00C38610 /* FoodTracker.app */,
				5FB6657C20843A8C00C38610 /* FoodTrackerTests.xctest */,
			);
			name = Products;
			sourceTree = "<group>";
		};
		5FB6656A20843A8C00C38610 /* FoodTracker */ = {
			isa = PBXGroup;
			children = (
				5FB6656B20843A8C00C38610 /* AppDelegate.swift */,
				5FB6656D20843A8C00C38610 /* ViewController.swift */,
				5FB6656F20843A8C00C38610 /* Main.storyboard */,
				5FB6657220843A8C00C38610 /* Assets.xcassets */,
				5FB6657420843A8C00C38610 /* LaunchScreen.storyboard */,
				5FB6657720843A8C00C38610 /* Info.plist */,
			);
			path = FoodTracker;
			sourceTree = "<group>";
		};
		5FB6657F20843A8C00C38610 /* FoodTrackerTests */ = {
			isa = PBXGroup;
			children = (
				5FB6658020843A8C00C38610 /* FoodTrackerTests.swift */,
				5FB6658220843A8C00C38610 /* Info.plist */,
			);
			path = FoodTrackerTests;
			sourceTree = "<group>";
		};
/* End PBXGroup section */

/* Begin PBXNativeTarget section */
		5FB6656720843A8C00C38610 /* FoodTracker */ = {
			isa = PBXNativeTarget;
			buildConfigurationList = 5FB6658520843A8C00C38610 /* Build configuration list for PBXNativeTarget "FoodTracker" */;
			buildPhases = (
				5FB6656420843A8C00C38610 /* Sources */,
				5FB6656520843A8C00C38610 /* Frameworks */,
				5FB6656620843A8C00C38610 /* Resources */,
			);
			buildRules = (
			);
			dependencies = (
			);
			name = FoodTracker;
			productName = FoodTracker;
			productReference = 5FB6656820843A8C00C38610 /* FoodTracker.app */;
			productType = "com.apple.product-type.application";
		};
		5FB6657B20843A8C00C38610 /* FoodTrackerTests */ = {
			isa = PBXNativeTarget;
			buildConfigurationList = 5FB6658820843A8C00C38610 /* Build configuration list for PBXNativeTarget "FoodTrackerTests" */;
			buildPhases = (
				5FB6657820843A8C00C38610 /* Sources */,
				5FB6657920843A8C00C38610 /* Frameworks */,
				5FB6657A20843A8C00C38610 /* Resources */,
			);
			buildRules = (
			);
			dependencies = (
				5FB6657E20843A8C00C38610 /* PBXTargetDependency */,
			);
			name = FoodTrackerTests;
			productName = FoodTrackerTests;
			productReference = 5FB6657C20843A8C00C38610 /* FoodTrackerTests.xctest */;
			productType = "com.apple.product-type.bundle.unit-test";
		};
/* End PBXNativeTarget section */

/* Begin PBXProject section */
		5FB6656020843A8C00C38610 /* Project object */ = {
			isa = PBXProject;
			attributes = {
				KnownAssetTags = (
					HotDay,
					JessSez,
				);
				LastSwiftUpdateCheck = 0800;
				LastUpgradeCheck = 0800;
				ORGANIZATIONNAME = "Fideler, Jeff";
				TargetAttributes = {
					5FB6656720843A8C00C38610 = {
						CreatedOnToolsVersion = 8.0;
						ProvisioningStyle = Automatic;
					};
					5FB6657B20843A8C00C38610 = {
						CreatedOnToolsVersion = 8.0;
						ProvisioningStyle = Automatic;
						TestTargetID = 5FB6656720843A8C00C38610;
					};
				};
			};
			buildConfigurationList = 5FB6656320843A8C00C38610 /* Build configuration list for PBXProject "FoodTracker" */;
			compatibilityVersion = "Xcode 3.2";
			developmentRegion = English;
			hasScannedForEncodings = 0;
			knownRegions = (
				en,
				Base,
			);
			mainGroup = 5FB6655F20843A8C00C38610;
			productRefGroup = 5FB6656920843A8C00C38610 /* Products */;
			projectDirPath = "";
			projectRoot = "";
			targets = (
				5FB6656720843A8C00C38610 /* FoodTracker */,
				5FB6657B20843A8C00C38610 /* FoodTrackerTests */,
			);
		};
/* End PBXProject section */

/* Begin PBXResourcesBuildPhase section */
		5FB6656620843A8C00C38610 /* Resources */ = {
			isa = PBXResourcesBuildPhase;
			buildActionMask = 2147483647;
			files = (
				5FB6657620843A8C00C38610 /* LaunchScreen.storyboard in Resources */,
				5FB6657320843A8C00C38610 /* Assets.xcassets in Resources */,
				5FB6657120843A8C00C38610 /* Main.storyboard in Resources */,
			);
			runOnlyForDeploymentPostprocessing = 0;
		};
		5FB6657A20843A8C00C38610 /* Resources */ = {
			isa = PBXResourcesBuildPhase;
			buildActionMask = 2147483647;
			files = (
			);
			runOnlyForDeploymentPostprocessing = 0;
		};
/* End PBXResourcesBuildPhase section */

/* Begin PBXSourcesBuildPhase section */
		5FB6656420843A8C00C38610 /* Sources */ = {
			isa = PBXSourcesBuildPhase;
			buildActionMask = 2147483647;
			files = (
				5FB6656E20843A8C00C38610 /* ViewController.swift in Sources */,
				5FB6656C20843A8C00C38610 /* AppDelegate.swift in Sources */,
			);
			runOnlyForDeploymentPostprocessing = 0;
		};
		5FB6657820843A8C00C38610 /* Sources */ = {
			isa = PBXSourcesBuildPhase;
			buildActionMask = 2147483647;
			files = (
				5FB6658120843A8C00C38610 /* FoodTrackerTests.swift in Sources */,
			);
			runOnlyForDeploymentPostprocessing = 0;
		};
/* End PBXSourcesBuildPhase section */

/* Begin PBXTargetDependency section */
		5FB6657E20843A8C00C38610 /* PBXTargetDependency */ = {
			isa = PBXTargetDependency;
			target = 5FB6656720843A8C00C38610 /* FoodTracker */;
			targetProxy = 5FB6657D20843A8C00C38610 /* PBXContainerItemProxy */;
		};
/* End PBXTargetDependency section */

/* Begin PBXVariantGroup section */
		5FB6656F20843A8C00C38610 /* Main.storyboard */ = {
			isa = PBXVariantGroup;
			children = (
				5FB6657020843A8C00C38610 /* Base */,
				5FB6658C20843F8E00C38610 /* en */,
			);
			name = Main.storyboard;
			sourceTree = "<group>";
		};
		5FB6657420843A8C00C38610 /* LaunchScreen.storyboard */ = {
			isa = PBXVariantGroup;
			children = (
				5FB6657520843A8C00C38610 /* Base */,
			);
			name = LaunchScreen.storyboard;
			sourceTree = "<group>";
		};
/* End PBXVariantGroup section */

/* Begin XCBuildConfiguration section */
		5FB6658320843A8C00C38610 /* Debug */ = {
			isa = XCBuildConfiguration;
			buildSettings = {
				ALWAYS_SEARCH_USER_PATHS = NO;
				CLANG_ANALYZER_NONNULL = YES;
				CLANG_CXX_LANGUAGE_STANDARD = "gnu++0x";
				CLANG_CXX_LIBRARY = "libc++";
				CLANG_ENABLE_MODULES = YES;
				CLANG_ENABLE_OBJC_ARC = YES;
				CLANG_WARN_BOOL_CONVERSION = YES;
				CLANG_WARN_CONSTANT_CONVERSION = YES;
				CLANG_WARN_DIRECT_OBJC_ISA_USAGE = YES_ERROR;
				CLANG_WARN_DOCUMENTATION_COMMENTS = YES;
				CLANG_WARN_EMPTY_BODY = YES;
				CLANG_WARN_ENUM_CONVERSION = YES;
				CLANG_WARN_INFINITE_RECURSION = YES;
				CLANG_WARN_INT_CONVERSION = YES;
				CLANG_WARN_OBJC_ROOT_CLASS = YES_ERROR;
				CLANG_WARN_SUSPICIOUS_MOVES = YES;
				CLANG_WARN_UNREACHABLE_CODE = YES;
				CLANG_WARN__DUPLICATE_METHOD_MATCH = YES;
				"CODE_SIGN_IDENTITY[sdk=iphoneos*]" = "iPhone Developer";
				COPY_PHASE_STRIP = NO;
				DEBUG_INFORMATION_FORMAT = dwarf;
				ENABLE_STRICT_OBJC_MSGSEND = YES;
				ENABLE_TESTABILITY = YES;
				GCC_C_LANGUAGE_STANDARD = gnu99;
				GCC_DYNAMIC_NO_PIC = NO;
				GCC_NO_COMMON_BLOCKS = YES;
				GCC_OPTIMIZATION_LEVEL = 0;
				GCC_PREPROCESSOR_DEFINITIONS = (
					"DEBUG=1",
					"$(inherited)",
				);
				GCC_WARN_64_TO_32_BIT_CONVERSION = YES;
				GCC_WARN_ABOUT_RETURN_TYPE = YES_ERROR;
				GCC_WARN_UNDECLARED_SELECTOR = YES;
				GCC_WARN_UNINITIALIZED_AUTOS = YES_AGGRESSIVE;
				GCC_WARN_UNUSED_FUNCTION = YES;
				GCC_WARN_UNUSED_VARIABLE = YES;
				IPHONEOS_DEPLOYMENT_TARGET = 10.0;
				MTL_ENABLE_DEBUG_INFO = YES;
				ONLY_ACTIVE_ARCH = YES;
				SDKROOT = iphoneos;
				SWIFT_ACTIVE_COMPILATION_CONDITIONS = DEBUG;
				SWIFT_OPTIMIZATION_LEVEL = "-Onone";
				TARGETED_DEVICE_FAMILY = "1,2";
			};
			name = Debug;
		};
		5FB6658420843A8C00C38610 /* Release */ = {
			isa = XCBuildConfiguration;
			buildSettings = {
				ALWAYS_SEARCH_USER_PATHS = NO;
				CLANG_ANALYZER_NONNULL = YES;
				CLANG_CXX_LANGUAGE_STANDARD = "gnu++0x";
				CLANG_CXX_LIBRARY = "libc++";
				CLANG_ENABLE_MODULES = YES;
				CLANG_ENABLE_OBJC_ARC = YES;
				CLANG_WARN_BOOL_CONVERSION = YES;
				CLANG_WARN_CONSTANT_CONVERSION = YES;
				CLANG_WARN_DIRECT_OBJC_ISA_USAGE = YES_ERROR;
				CLANG_WARN_DOCUMENTATION_COMMENTS = YES;
				CLANG_WARN_EMPTY_BODY = YES;
				CLANG_WARN_ENUM_CONVERSION = YES;
				CLANG_WARN_INFINITE_RECURSION = YES;
				CLANG_WARN_INT_CONVERSION = YES;
				CLANG_WARN_OBJC_ROOT_CLASS = YES_ERROR;
				CLANG_WARN_SUSPICIOUS_MOVES = YES;
				CLANG_WARN_UNREACHABLE_CODE = YES;
				CLANG_WARN__DUPLICATE_METHOD_MATCH = YES;
				"CODE_SIGN_IDENTITY[sdk=iphoneos*]" = "iPhone Developer";
				COPY_PHASE_STRIP = NO;
				DEBUG_INFORMATION_FORMAT = "dwarf-with-dsym";
				ENABLE_NS_ASSERTIONS = NO;
				ENABLE_STRICT_OBJC_MSGSEND = YES;
				GCC_C_LANGUAGE_STANDARD = gnu99;
				GCC_NO_COMMON_BLOCKS = YES;
				GCC_WARN_64_TO_32_BIT_CONVERSION = YES;
				GCC_WARN_ABOUT_RETURN_TYPE = YES_ERROR;
				GCC_WARN_UNDECLARED_SELECTOR = YES;
				GCC_WARN_UNINITIALIZED_AUTOS = YES_AGGRESSIVE;
				GCC_WARN_UNUSED_FUNCTION = YES;
				GCC_WARN_UNUSED_VARIABLE = YES;
				IPHONEOS_DEPLOYMENT_TARGET = 10.0;
				MTL_ENABLE_DEBUG_INFO = NO;
				SDKROOT = iphoneos;
				SWIFT_OPTIMIZATION_LEVEL = "-Owholemodule";
				TARGETED_DEVICE_FAMILY = "1,2";
				VALIDATE_PRODUCT = YES;
			};
			name = Release;
		};
		5FB6658620843A8C00C38610 /* Debug */ = {
			isa = XCBuildConfiguration;
			buildSettings = {
				ASSETCATALOG_COMPILER_APPICON_NAME = AppIcon;
				INFOPLIST_FILE = FoodTracker/Info.plist;
				LD_RUNPATH_SEARCH_PATHS = "$(inherited) @executable_path/Frameworks";
				PRODUCT_BUNDLE_IDENTIFIER = com.example.FoodTracker;
				PRODUCT_NAME = "$(TARGET_NAME)";
				SWIFT_VERSION = 3.0;
			};
			name = Debug;
		};
		5FB6658720843A8C00C38610 /* Release */ = {
			isa = XCBuildConfiguration;
			buildSettings = {
				ASSETCATALOG_COMPILER_APPICON_NAME = AppIcon;
				INFOPLIST_FILE = FoodTracker/Info.plist;
				LD_RUNPATH_SEARCH_PATHS = "$(inherited) @executable_path/Frameworks";
				PRODUCT_BUNDLE_IDENTIFIER = com.example.FoodTracker;
				PRODUCT_NAME = "$(TARGET_NAME)";
				SWIFT_VERSION = 3.0;
			};
			name = Release;
		};
		5FB6658920843A8C00C38610 /* Debug */ = {
			isa = XCBuildConfiguration;
			buildSettings = {
				ALWAYS_EMBED_SWIFT_STANDARD_LIBRARIES = YES;
				BUNDLE_LOADER = "$(TEST_HOST)";
				INFOPLIST_FILE = FoodTrackerTests/Info.plist;
				LD_RUNPATH_SEARCH_PATHS = "$(inherited) @executable_path/Frameworks @loader_path/Frameworks";
				PRODUCT_BUNDLE_IDENTIFIER = com.example.FoodTrackerTests;
				PRODUCT_NAME = "$(TARGET_NAME)";
				SWIFT_VERSION = 3.0;
				TEST_HOST = "$(BUILT_PRODUCTS_DIR)/FoodTracker.app/FoodTracker";
			};
			name = Debug;
		};
		5FB6658A20843A8C00C38610 /* Release */ = {
			isa = XCBuildConfiguration;
			buildSettings = {
				ALWAYS_EMBED_SWIFT_STANDARD_LIBRARIES = YES;
				BUNDLE_LOADER = "$(TEST_HOST)";
				INFOPLIST_FILE = FoodTrackerTests/Info.plist;
				LD_RUNPATH_SEARCH_PATHS = "$(inherited) @executable_path/Frameworks @loader_path/Frameworks";
				PRODUCT_BUNDLE_IDENTIFIER = com.example.FoodTrackerTests;
				PRODUCT_NAME = "$(TARGET_NAME)";
				SWIFT_VERSION = 3.0;
				TEST_HOST = "$(BUILT_PRODUCTS_DIR)/FoodTracker.app/FoodTracker";
			};
			name = Release;
		};
/* End XCBuildConfiguration section */

/* Begin XCConfigurationList section */
		5FB6656320843A8C00C38610 /* Build configuration list for PBXProject "FoodTracker" */ = {
			isa = XCConfigurationList;
			buildConfigurations = (
				5FB6658320843A8C00C38610 /* Debug */,
				5FB6658420843A8C00C38610 /* Release */,
			);
			defaultConfigurationIsVisible = 0;
			defaultConfigurationName = Release;
		};
		5FB6658520843A8C00C38610 /* Build configuration list for PBXNativeTarget "FoodTracker" */ = {
			isa = XCConfigurationList;
			buildConfigurations = (
				5FB6658620843A8C00C38610 /* Debug */,
				5FB6658720843A8C00C38610 /* Release */,
			);
			defaultConfigurationIsVisible = 0;
		};
		5FB6658820843A8C00C38610 /* Build configuration list for PBXNativeTarget "FoodTrackerTests" */ = {
			isa = XCConfigurationList;
			buildConfigurations = (
				5FB6658920843A8C00C38610 /* Debug */,
				5FB6658A20843A8C00C38610 /* Release */,
			);
			defaultConfigurationIsVisible = 0;
		};
/* End XCConfigurationList section */
	};
	rootObject = 5FB6656020843A8C00C38610 /* Project object */;
}
